
Microsoft Visual Studio Solution File, Format Version 12.00
# Visual Studio Version 16
VisualStudioVersion = 16.0.30114.105
MinimumVisualStudioVersion = 10.0.40219.1
Project("{FAE04EC0-301F-11D3-BF4B-00C04F79EFBC}") = "Zitac.AD.Steps", "Zitac.AD.Steps\Zitac.AD.Steps.csproj", "{01103572-88C2-443F-9EDF-4CB58A108FA0}"
EndProject
Project("{FAE04EC0-301F-11D3-BF4B-00C04F79EFBC}") = "Decisions.DellDecrypt", "Decisions.DellDecrypt\Decisions.DellDecrypt.csproj", "{1242B816-546F-4791-AFA1-401747016626}"
EndProject
Global
	GlobalSection(SolutionConfigurationPlatforms) = preSolution
		Debug|Any CPU = Debug|Any CPU
		Release|Any CPU = Release|Any CPU
	EndGlobalSection
	GlobalSection(SolutionProperties) = preSolution
		HideSolutionNode = FALSE
	EndGlobalSection
	GlobalSection(ProjectConfigurationPlatforms) = postSolution
		{01103572-88C2-443F-9EDF-4CB58A108FA0}.Debug|Any CPU.ActiveCfg = Debug|Any CPU
		{01103572-88C2-443F-9EDF-4CB58A108FA0}.Debug|Any CPU.Build.0 = Debug|Any CPU
		{01103572-88C2-443F-9EDF-4CB58A108FA0}.Release|Any CPU.ActiveCfg = Release|Any CPU
		{01103572-88C2-443F-9EDF-4CB58A108FA0}.Release|Any CPU.Build.0 = Release|Any CPU
		{1242B816-546F-4791-AFA1-401747016626}.Debug|Any CPU.ActiveCfg = Debug|Any CPU
		{1242B816-546F-4791-AFA1-401747016626}.Debug|Any CPU.Build.0 = Debug|Any CPU
		{1242B816-546F-4791-AFA1-401747016626}.Release|Any CPU.ActiveCfg = Release|Any CPU
		{1242B816-546F-4791-AFA1-401747016626}.Release|Any CPU.Build.0 = Release|Any CPU
	EndGlobalSection
EndGlobal
